
Microsoft Visual Studio Solution File, Format Version 12.00
# Visual Studio 15
VisualStudioVersion = 15.0.28307.705
MinimumVisualStudioVersion = 10.0.40219.1
Project("{8BC9CEB8-8B4A-11D0-8D11-00A0C91BC942}") = "KinectCloud", "KinectCloud\KinectCloud.vcxproj", "{91502BC2-4753-45AF-A88F-F7EE2D575362}"
EndProject
Global
	GlobalSection(SolutionConfigurationPlatforms) = preSolution
		Debug|x64 = Debug|x64
		Release|x64 = Release|x64
	EndGlobalSection
	GlobalSection(ProjectConfigurationPlatforms) = postSolution
		{91502BC2-4753-45AF-A88F-F7EE2D575362}.Debug|x64.ActiveCfg = Debug|x64
		{91502BC2-4753-45AF-A88F-F7EE2D575362}.Debug|x64.Build.0 = Debug|x64
		{91502BC2-4753-45AF-A88F-F7EE2D575362}.Release|x64.ActiveCfg = Release|x64
		{91502BC2-4753-45AF-A88F-F7EE2D575362}.Release|x64.Build.0 = Release|x64
	EndGlobalSection
	GlobalSection(SolutionProperties) = preSolution
		HideSolutionNode = FALSE
	EndGlobalSection
	GlobalSection(ExtensibilityGlobals) = postSolution
		SolutionGuid = {BD6DD282-8447-4925-AEA6-2CA7C22DEDB3}
	EndGlobalSection
EndGlobal
